// !$*UTF8*$!
{
	archiveVersion = 1;
	classes = {
	};
	objectVersion = 46;
	objects = {

/* Begin PBXBuildFile section */
		8AFEBE351BEB514200336A87 /* AppDelegate.swift in Sources */ = {isa = PBXBuildFile; fileRef = 8AFEBE341BEB514200336A87 /* AppDelegate.swift */; };
		8AFEBE371BEB514200336A87 /* ViewController.swift in Sources */ = {isa = PBXBuildFile; fileRef = 8AFEBE361BEB514200336A87 /* ViewController.swift */; };
		8AFEBE391BEB514200336A87 /* Assets.xcassets in Resources */ = {isa = PBXBuildFile; fileRef = 8AFEBE381BEB514200336A87 /* Assets.xcassets */; };
		8AFEBE3C1BEB514200336A87 /* Main.storyboard in Resources */ = {isa = PBXBuildFile; fileRef = 8AFEBE3A1BEB514200336A87 /* Main.storyboard */; };
		8AFEBE471BEB514200336A87 /* SRJSONTestAppTests.swift in Sources */ = {isa = PBXBuildFile; fileRef = 8AFEBE461BEB514200336A87 /* SRJSONTestAppTests.swift */; };
		8AFEBE5A1BEB515C00336A87 /* SRJSON.framework in Frameworks */ = {isa = PBXBuildFile; fileRef = 8AFEBE571BEB515500336A87 /* SRJSON.framework */; };
		8AFEBE5B1BEB515C00336A87 /* SRJSON.framework in Embed Frameworks */ = {isa = PBXBuildFile; fileRef = 8AFEBE571BEB515500336A87 /* SRJSON.framework */; settings = {ATTRIBUTES = (CodeSignOnCopy, RemoveHeadersOnCopy, ); }; };
/* End PBXBuildFile section */

/* Begin PBXContainerItemProxy section */
		8AFEBE431BEB514200336A87 /* PBXContainerItemProxy */ = {
			isa = PBXContainerItemProxy;
			containerPortal = 8AFEBE291BEB514200336A87 /* Project object */;
			proxyType = 1;
			remoteGlobalIDString = 8AFEBE301BEB514200336A87;
			remoteInfo = SRJSONTestApp;
		};
		8AFEBE561BEB515500336A87 /* PBXContainerItemProxy */ = {
			isa = PBXContainerItemProxy;
			containerPortal = 8AFEBE511BEB515400336A87 /* SRJSON.xcodeproj */;
			proxyType = 2;
			remoteGlobalIDString = 8AFEBE121BEB50AF00336A87;
			remoteInfo = SRJSON_OSX;
		};
		8AFEBE581BEB515500336A87 /* PBXContainerItemProxy */ = {
			isa = PBXContainerItemProxy;
			containerPortal = 8AFEBE511BEB515400336A87 /* SRJSON.xcodeproj */;
			proxyType = 2;
			remoteGlobalIDString = 8AFEBE261BEB50DD00336A87;
			remoteInfo = SRJSON_iOS;
		};
		8AFEBE5C1BEB515C00336A87 /* PBXContainerItemProxy */ = {
			isa = PBXContainerItemProxy;
			containerPortal = 8AFEBE511BEB515400336A87 /* SRJSON.xcodeproj */;
			proxyType = 1;
			remoteGlobalIDString = 8AFEBE111BEB50AF00336A87;
			remoteInfo = SRJSON_OSX;
		};
/* End PBXContainerItemProxy section */

/* Begin PBXCopyFilesBuildPhase section */
		8AFEBE5E1BEB515C00336A87 /* Embed Frameworks */ = {
			isa = PBXCopyFilesBuildPhase;
			buildActionMask = 2147483647;
			dstPath = "";
			dstSubfolderSpec = 10;
			files = (
				8AFEBE5B1BEB515C00336A87 /* SRJSON.framework in Embed Frameworks */,
			);
			name = "Embed Frameworks";
			runOnlyForDeploymentPostprocessing = 0;
		};
/* End PBXCopyFilesBuildPhase section */

/* Begin PBXFileReference section */
		8AFEBE311BEB514200336A87 /* SRJSONTestApp.app */ = {isa = PBXFileReference; explicitFileType = wrapper.application; includeInIndex = 0; path = SRJSONTestApp.app; sourceTree = BUILT_PRODUCTS_DIR; };
		8AFEBE341BEB514200336A87 /* AppDelegate.swift */ = {isa = PBXFileReference; lastKnownFileType = sourcecode.swift; path = AppDelegate.swift; sourceTree = "<group>"; };
		8AFEBE361BEB514200336A87 /* ViewController.swift */ = {isa = PBXFileReference; lastKnownFileType = sourcecode.swift; path = ViewController.swift; sourceTree = "<group>"; };
		8AFEBE381BEB514200336A87 /* Assets.xcassets */ = {isa = PBXFileReference; lastKnownFileType = folder.assetcatalog; path = Assets.xcassets; sourceTree = "<group>"; };
		8AFEBE3B1BEB514200336A87 /* Base */ = {isa = PBXFileReference; lastKnownFileType = file.storyboard; name = Base; path = Base.lproj/Main.storyboard; sourceTree = "<group>"; };
		8AFEBE3D1BEB514200336A87 /* Info.plist */ = {isa = PBXFileReference; lastKnownFileType = text.plist.xml; path = Info.plist; sourceTree = "<group>"; };
		8AFEBE421BEB514200336A87 /* SRJSONTestAppTests.xctest */ = {isa = PBXFileReference; explicitFileType = wrapper.cfbundle; includeInIndex = 0; path = SRJSONTestAppTests.xctest; sourceTree = BUILT_PRODUCTS_DIR; };
		8AFEBE461BEB514200336A87 /* SRJSONTestAppTests.swift */ = {isa = PBXFileReference; lastKnownFileType = sourcecode.swift; path = SRJSONTestAppTests.swift; sourceTree = "<group>"; };
		8AFEBE481BEB514200336A87 /* Info.plist */ = {isa = PBXFileReference; lastKnownFileType = text.plist.xml; path = Info.plist; sourceTree = "<group>"; };
		8AFEBE511BEB515400336A87 /* SRJSON.xcodeproj */ = {isa = PBXFileReference; lastKnownFileType = "wrapper.pb-project"; name = SRJSON.xcodeproj; path = ../SRJSON.xcodeproj; sourceTree = "<group>"; };
/* End PBXFileReference section */

/* Begin PBXFrameworksBuildPhase section */
		8AFEBE2E1BEB514200336A87 /* Frameworks */ = {
			isa = PBXFrameworksBuildPhase;
			buildActionMask = 2147483647;
			files = (
				8AFEBE5A1BEB515C00336A87 /* SRJSON.framework in Frameworks */,
			);
			runOnlyForDeploymentPostprocessing = 0;
		};
		8AFEBE3F1BEB514200336A87 /* Frameworks */ = {
			isa = PBXFrameworksBuildPhase;
			buildActionMask = 2147483647;
			files = (
			);
			runOnlyForDeploymentPostprocessing = 0;
		};
/* End PBXFrameworksBuildPhase section */

/* Begin PBXGroup section */
		8AFEBE281BEB514200336A87 = {
			isa = PBXGroup;
			children = (
				8AFEBE511BEB515400336A87 /* SRJSON.xcodeproj */,
				8AFEBE331BEB514200336A87 /* SRJSONTestApp */,
				8AFEBE451BEB514200336A87 /* SRJSONTestAppTests */,
				8AFEBE321BEB514200336A87 /* Products */,
			);
			sourceTree = "<group>";
		};
		8AFEBE321BEB514200336A87 /* Products */ = {
			isa = PBXGroup;
			children = (
				8AFEBE311BEB514200336A87 /* SRJSONTestApp.app */,
				8AFEBE421BEB514200336A87 /* SRJSONTestAppTests.xctest */,
			);
			name = Products;
			sourceTree = "<group>";
		};
		8AFEBE331BEB514200336A87 /* SRJSONTestApp */ = {
			isa = PBXGroup;
			children = (
				8AFEBE341BEB514200336A87 /* AppDelegate.swift */,
				8AFEBE361BEB514200336A87 /* ViewController.swift */,
				8AFEBE381BEB514200336A87 /* Assets.xcassets */,
				8AFEBE3A1BEB514200336A87 /* Main.storyboard */,
				8AFEBE3D1BEB514200336A87 /* Info.plist */,
			);
			path = SRJSONTestApp;
			sourceTree = "<group>";
		};
		8AFEBE451BEB514200336A87 /* SRJSONTestAppTests */ = {
			isa = PBXGroup;
			children = (
				8AFEBE461BEB514200336A87 /* SRJSONTestAppTests.swift */,
				8AFEBE481BEB514200336A87 /* Info.plist */,
			);
			path = SRJSONTestAppTests;
			sourceTree = "<group>";
		};
		8AFEBE521BEB515400336A87 /* Products */ = {
			isa = PBXGroup;
			children = (
				8AFEBE571BEB515500336A87 /* SRJSON.framework */,
				8AFEBE591BEB515500336A87 /* SRJSON.framework */,
			);
			name = Products;
			sourceTree = "<group>";
		};
/* End PBXGroup section */

/* Begin PBXNativeTarget section */
		8AFEBE301BEB514200336A87 /* SRJSONTestApp */ = {
			isa = PBXNativeTarget;
			buildConfigurationList = 8AFEBE4B1BEB514200336A87 /* Build configuration list for PBXNativeTarget "SRJSONTestApp" */;
			buildPhases = (
				8AFEBE2D1BEB514200336A87 /* Sources */,
				8AFEBE2E1BEB514200336A87 /* Frameworks */,
				8AFEBE2F1BEB514200336A87 /* Resources */,
				8AFEBE5E1BEB515C00336A87 /* Embed Frameworks */,
			);
			buildRules = (
			);
			dependencies = (
				8AFEBE5D1BEB515C00336A87 /* PBXTargetDependency */,
			);
			name = SRJSONTestApp;
			productName = SRJSONTestApp;
			productReference = 8AFEBE311BEB514200336A87 /* SRJSONTestApp.app */;
			productType = "com.apple.product-type.application";
		};
		8AFEBE411BEB514200336A87 /* SRJSONTestAppTests */ = {
			isa = PBXNativeTarget;
			buildConfigurationList = 8AFEBE4E1BEB514200336A87 /* Build configuration list for PBXNativeTarget "SRJSONTestAppTests" */;
			buildPhases = (
				8AFEBE3E1BEB514200336A87 /* Sources */,
				8AFEBE3F1BEB514200336A87 /* Frameworks */,
				8AFEBE401BEB514200336A87 /* Resources */,
			);
			buildRules = (
			);
			dependencies = (
				8AFEBE441BEB514200336A87 /* PBXTargetDependency */,
			);
			name = SRJSONTestAppTests;
			productName = SRJSONTestAppTests;
			productReference = 8AFEBE421BEB514200336A87 /* SRJSONTestAppTests.xctest */;
			productType = "com.apple.product-type.bundle.unit-test";
		};
/* End PBXNativeTarget section */

/* Begin PBXProject section */
		8AFEBE291BEB514200336A87 /* Project object */ = {
			isa = PBXProject;
			attributes = {
				LastSwiftUpdateCheck = 0710;
				LastUpgradeCheck = 0710;
				ORGANIZATIONNAME = Seorenn;
				TargetAttributes = {
					8AFEBE301BEB514200336A87 = {
						CreatedOnToolsVersion = 7.1;
					};
					8AFEBE411BEB514200336A87 = {
						CreatedOnToolsVersion = 7.1;
						TestTargetID = 8AFEBE301BEB514200336A87;
					};
				};
			};
			buildConfigurationList = 8AFEBE2C1BEB514200336A87 /* Build configuration list for PBXProject "SRJSONTestApp" */;
			compatibilityVersion = "Xcode 3.2";
			developmentRegion = English;
			hasScannedForEncodings = 0;
			knownRegions = (
				en,
				Base,
			);
			mainGroup = 8AFEBE281BEB514200336A87;
			productRefGroup = 8AFEBE321BEB514200336A87 /* Products */;
			projectDirPath = "";
			projectReferences = (
				{
					ProductGroup = 8AFEBE521BEB515400336A87 /* Products */;
					ProjectRef = 8AFEBE511BEB515400336A87 /* SRJSON.xcodeproj */;
				},
			);
			projectRoot = "";
			targets = (
				8AFEBE301BEB514200336A87 /* SRJSONTestApp */,
				8AFEBE411BEB514200336A87 /* SRJSONTestAppTests */,
			);
		};
/* End PBXProject section */

/* Begin PBXReferenceProxy section */
		8AFEBE571BEB515500336A87 /* SRJSON.framework */ = {
			isa = PBXReferenceProxy;
			fileType = wrapper.framework;
			path = SRJSON.framework;
			remoteRef = 8AFEBE561BEB515500336A87 /* PBXContainerItemProxy */;
			sourceTree = BUILT_PRODUCTS_DIR;
		};
		8AFEBE591BEB515500336A87 /* SRJSON.framework */ = {
			isa = PBXReferenceProxy;
			fileType = wrapper.framework;
			path = SRJSON.framework;
			remoteRef = 8AFEBE581BEB515500336A87 /* PBXContainerItemProxy */;
			sourceTree = BUILT_PRODUCTS_DIR;
		};
/* End PBXReferenceProxy section */

/* Begin PBXResourcesBuildPhase section */
		8AFEBE2F1BEB514200336A87 /* Resources */ = {
			isa = PBXResourcesBuildPhase;
			buildActionMask = 2147483647;
			files = (
				8AFEBE391BEB514200336A87 /* Assets.xcassets in Resources */,
				8AFEBE3C1BEB514200336A87 /* Main.storyboard in Resources */,
			);
			runOnlyForDeploymentPostprocessing = 0;
		};
		8AFEBE401BEB514200336A87 /* Resources */ = {
			isa = PBXResourcesBuildPhase;
			buildActionMask = 2147483647;
			files = (
			);
			runOnlyForDeploymentPostprocessing = 0;
		};
/* End PBXResourcesBuildPhase section */

/* Begin PBXSourcesBuildPhase section */
		8AFEBE2D1BEB514200336A87 /* Sources */ = {
			isa = PBXSourcesBuildPhase;
			buildActionMask = 2147483647;
			files = (
				8AFEBE371BEB514200336A87 /* ViewController.swift in Sources */,
				8AFEBE351BEB514200336A87 /* AppDelegate.swift in Sources */,
			);
			runOnlyForDeploymentPostprocessing = 0;
		};
		8AFEBE3E1BEB514200336A87 /* Sources */ = {
			isa = PBXSourcesBuildPhase;
			buildActionMask = 2147483647;
			files = (
				8AFEBE471BEB514200336A87 /* SRJSONTestAppTests.swift in Sources */,
			);
			runOnlyForDeploymentPostprocessing = 0;
		};
/* End PBXSourcesBuildPhase section */

/* Begin PBXTargetDependency section */
		8AFEBE441BEB514200336A87 /* PBXTargetDependency */ = {
			isa = PBXTargetDependency;
			target = 8AFEBE301BEB514200336A87 /* SRJSONTestApp */;
			targetProxy = 8AFEBE431BEB514200336A87 /* PBXContainerItemProxy */;
		};
		8AFEBE5D1BEB515C00336A87 /* PBXTargetDependency */ = {
			isa = PBXTargetDependency;
			name = SRJSON_OSX;
			targetProxy = 8AFEBE5C1BEB515C00336A87 /* PBXContainerItemProxy */;
		};
/* End PBXTargetDependency section */

/* Begin PBXVariantGroup section */
		8AFEBE3A1BEB514200336A87 /* Main.storyboard */ = {
			isa = PBXVariantGroup;
			children = (
				8AFEBE3B1BEB514200336A87 /* Base */,
			);
			name = Main.storyboard;
			sourceTree = "<group>";
		};
/* End PBXVariantGroup section */

/* Begin XCBuildConfiguration section */
		8AFEBE491BEB514200336A87 /* Debug */ = {
			isa = XCBuildConfiguration;
			buildSettings = {
				ALWAYS_SEARCH_USER_PATHS = NO;
				CLANG_CXX_LANGUAGE_STANDARD = "gnu++0x";
				CLANG_CXX_LIBRARY = "libc++";
				CLANG_ENABLE_MODULES = YES;
				CLANG_ENABLE_OBJC_ARC = YES;
				CLANG_WARN_BOOL_CONVERSION = YES;
				CLANG_WARN_CONSTANT_CONVERSION = YES;
				CLANG_WARN_DIRECT_OBJC_ISA_USAGE = YES_ERROR;
				CLANG_WARN_EMPTY_BODY = YES;
				CLANG_WARN_ENUM_CONVERSION = YES;
				CLANG_WARN_INT_CONVERSION = YES;
				CLANG_WARN_OBJC_ROOT_CLASS = YES_ERROR;
				CLANG_WARN_UNREACHABLE_CODE = YES;
				CLANG_WARN__DUPLICATE_METHOD_MATCH = YES;
				CODE_SIGN_IDENTITY = "-";
				COPY_PHASE_STRIP = NO;
				DEBUG_INFORMATION_FORMAT = dwarf;
				ENABLE_STRICT_OBJC_MSGSEND = YES;
				ENABLE_TESTABILITY = YES;
				GCC_C_LANGUAGE_STANDARD = gnu99;
				GCC_DYNAMIC_NO_PIC = NO;
				GCC_NO_COMMON_BLOCKS = YES;
				GCC_OPTIMIZATION_LEVEL = 0;
				GCC_PREPROCESSOR_DEFINITIONS = (
					"DEBUG=1",
					"$(inherited)",
				);
				GCC_WARN_64_TO_32_BIT_CONVERSION = YES;
				GCC_WARN_ABOUT_RETURN_TYPE = YES_ERROR;
				GCC_WARN_UNDECLARED_SELECTOR = YES;
				GCC_WARN_UNINITIALIZED_AUTOS = YES_AGGRESSIVE;
				GCC_WARN_UNUSED_FUNCTION = YES;
				GCC_WARN_UNUSED_VARIABLE = YES;
				MACOSX_DEPLOYMENT_TARGET = 10.11;
				MTL_ENABLE_DEBUG_INFO = YES;
				ONLY_ACTIVE_ARCH = YES;
				SDKROOT = macosx;
				SWIFT_OPTIMIZATION_LEVEL = "-Onone";
			};
			name = Debug;
		};
		8AFEBE4A1BEB514200336A87 /* Release */ = {
			isa = XCBuildConfiguration;
			buildSettings = {
				ALWAYS_SEARCH_USER_PATHS = NO;
				CLANG_CXX_LANGUAGE_STANDARD = "gnu++0x";
				CLANG_CXX_LIBRARY = "libc++";
				CLANG_ENABLE_MODULES = YES;
				CLANG_ENABLE_OBJC_ARC = YES;
				CLANG_WARN_BOOL_CONVERSION = YES;
				CLANG_WARN_CONSTANT_CONVERSION = YES;
				CLANG_WARN_DIRECT_OBJC_ISA_USAGE = YES_ERROR;
				CLANG_WARN_EMPTY_BODY = YES;
				CLANG_WARN_ENUM_CONVERSION = YES;
				CLANG_WARN_INT_CONVERSION = YES;
				CLANG_WARN_OBJC_ROOT_CLASS = YES_ERROR;
				CLANG_WARN_UNREACHABLE_CODE = YES;
				CLANG_WARN__DUPLICATE_METHOD_MATCH = YES;
				CODE_SIGN_IDENTITY = "-";
				COPY_PHASE_STRIP = NO;
				DEBUG_INFORMATION_FORMAT = "dwarf-with-dsym";
				ENABLE_NS_ASSERTIONS = NO;
				ENABLE_STRICT_OBJC_MSGSEND = YES;
				GCC_C_LANGUAGE_STANDARD = gnu99;
				GCC_NO_COMMON_BLOCKS = YES;
				GCC_WARN_64_TO_32_BIT_CONVERSION = YES;
				GCC_WARN_ABOUT_RETURN_TYPE = YES_ERROR;
				GCC_WARN_UNDECLARED_SELECTOR = YES;
				GCC_WARN_UNINITIALIZED_AUTOS = YES_AGGRESSIVE;
				GCC_WARN_UNUSED_FUNCTION = YES;
				GCC_WARN_UNUSED_VARIABLE = YES;
				MACOSX_DEPLOYMENT_TARGET = 10.11;
				MTL_ENABLE_DEBUG_INFO = NO;
				SDKROOT = macosx;
			};
			name = Release;
		};
		8AFEBE4C1BEB514200336A87 /* Debug */ = {
			isa = XCBuildConfiguration;
			buildSettings = {
				ASSETCATALOG_COMPILER_APPICON_NAME = AppIcon;
				COMBINE_HIDPI_IMAGES = YES;
				INFOPLIST_FILE = SRJSONTestApp/Info.plist;
				LD_RUNPATH_SEARCH_PATHS = "$(inherited) @executable_path/../Frameworks";
				PRODUCT_BUNDLE_IDENTIFIER = com.seorenn.SRJSONTestApp;
				PRODUCT_NAME = "$(TARGET_NAME)";
			};
			name = Debug;
		};
		8AFEBE4D1BEB514200336A87 /* Release */ = {
			isa = XCBuildConfiguration;
			buildSettings = {
				ASSETCATALOG_COMPILER_APPICON_NAME = AppIcon;
				COMBINE_HIDPI_IMAGES = YES;
				INFOPLIST_FILE = SRJSONTestApp/Info.plist;
				LD_RUNPATH_SEARCH_PATHS = "$(inherited) @executable_path/../Frameworks";
				PRODUCT_BUNDLE_IDENTIFIER = com.seorenn.SRJSONTestApp;
				PRODUCT_NAME = "$(TARGET_NAME)";
			};
			name = Release;
		};
		8AFEBE4F1BEB514200336A87 /* Debug */ = {
			isa = XCBuildConfiguration;
			buildSettings = {
				BUNDLE_LOADER = "$(TEST_HOST)";
				COMBINE_HIDPI_IMAGES = YES;
				INFOPLIST_FILE = SRJSONTestAppTests/Info.plist;
				LD_RUNPATH_SEARCH_PATHS = "$(inherited) @executable_path/../Frameworks @loader_path/../Frameworks";
				PRODUCT_BUNDLE_IDENTIFIER = com.seorenn.SRJSONTestAppTests;
				PRODUCT_NAME = "$(TARGET_NAME)";
				TEST_HOST = "$(BUILT_PRODUCTS_DIR)/SRJSONTestApp.app/Contents/MacOS/SRJSONTestApp";
			};
			name = Debug;
		};
		8AFEBE501BEB514200336A87 /* Release */ = {
			isa = XCBuildConfiguration;
			buildSettings = {
				BUNDLE_LOADER = "$(TEST_HOST)";
				COMBINE_HIDPI_IMAGES = YES;
				INFOPLIST_FILE = SRJSONTestAppTests/Info.plist;
				LD_RUNPATH_SEARCH_PATHS = "$(inherited) @executable_path/../Frameworks @loader_path/../Frameworks";
				PRODUCT_BUNDLE_IDENTIFIER = com.seorenn.SRJSONTestAppTests;
				PRODUCT_NAME = "$(TARGET_NAME)";
				TEST_HOST = "$(BUILT_PRODUCTS_DIR)/SRJSONTestApp.app/Contents/MacOS/SRJSONTestApp";
			};
			name = Release;
		};
/* End XCBuildConfiguration section */

/* Begin XCConfigurationList section */
		8AFEBE2C1BEB514200336A87 /* Build configuration list for PBXProject "SRJSONTestApp" */ = {
			isa = XCConfigurationList;
			buildConfigurations = (
				8AFEBE491BEB514200336A87 /* Debug */,
				8AFEBE4A1BEB514200336A87 /* Release */,
			);
			defaultConfigurationIsVisible = 0;
			defaultConfigurationName = Release;
		};
		8AFEBE4B1BEB514200336A87 /* Build configuration list for PBXNativeTarget "SRJSONTestApp" */ = {
			isa = XCConfigurationList;
			buildConfigurations = (
				8AFEBE4C1BEB514200336A87 /* Debug */,
				8AFEBE4D1BEB514200336A87 /* Release */,
			);
			defaultConfigurationIsVisible = 0;
		};
		8AFEBE4E1BEB514200336A87 /* Build configuration list for PBXNativeTarget "SRJSONTestAppTests" */ = {
			isa = XCConfigurationList;
			buildConfigurations = (
				8AFEBE4F1BEB514200336A87 /* Debug */,
				8AFEBE501BEB514200336A87 /* Release */,
			);
			defaultConfigurationIsVisible = 0;
		};
/* End XCConfigurationList section */
	};
	rootObject = 8AFEBE291BEB514200336A87 /* Project object */;
}
